{
  "version": 4,
  "terraform_version": "1.14.0",
  "serial": 3,
  "lineage": "5a7deb40-6198-4dcc-10b5-a860f0cd66e5",
  "outputs": {
    "instance_public_dns": {
      "value": [
        "ec2-44-203-224-110.compute-1.amazonaws.com"
      ],
      "type": [
        "tuple",
        [
          "string"
        ]
      ]
    },
    "instance_public_ip": {
      "value": [
        "44.203.224.110"
      ],
      "type": [
        "tuple",
        [
          "string"
        ]
      ]
    },
    "instance_state": {
      "value": [
        "running"
      ],
      "type": [
        "tuple",
        [
          "string"
        ]
      ]
    }
  },
  "resources": [
    {
      "module": "module.ec2",
      "mode": "managed",
      "type": "aws_instance",
      "name": "ec2_instance",
      "provider": "provider[\"registry.terraform.io/hashicorp/aws\"]",
      "instances": [
        {
          "index_key": 0,
          "schema_version": 2,
          "attributes": {
            "ami": "ami-0fea31578248bcd6c",
            "arn": "arn:aws:ec2:us-east-1:979282554544:instance/i-0fe98fa3e57d627f7",
            "associate_public_ip_address": true,
            "availability_zone": "us-east-1a",
            "capacity_reservation_specification": [
              {
                "capacity_reservation_preference": "open",
                "capacity_reservation_target": []
              }
            ],
            "cpu_options": [
              {
                "amd_sev_snp": "",
                "core_count": 2,
                "threads_per_core": 1
              }
            ],
            "credit_specification": [
              {
                "cpu_credits": "unlimited"
              }
            ],
            "disable_api_stop": false,
            "disable_api_termination": false,
            "ebs_block_device": [],
            "ebs_optimized": false,
            "enable_primary_ipv6": null,
            "enclave_options": [
              {
                "enabled": false
              }
            ],
            "ephemeral_block_device": [],
            "force_destroy": false,
            "get_password_data": false,
            "hibernation": false,
            "host_id": "",
            "host_resource_group_arn": null,
            "iam_instance_profile": "",
            "id": "i-0fe98fa3e57d627f7",
            "instance_initiated_shutdown_behavior": "stop",
            "instance_lifecycle": "",
            "instance_market_options": [],
            "instance_state": "running",
            "instance_type": "t4g.micro",
            "ipv6_address_count": 0,
            "ipv6_addresses": [],
            "key_name": "techiescamp",
            "launch_template": [],
            "maintenance_options": [
              {
                "auto_recovery": "default"
              }
            ],
            "metadata_options": [
              {
                "http_endpoint": "enabled",
                "http_protocol_ipv6": "disabled",
                "http_put_response_hop_limit": 1,
                "http_tokens": "optional",
                "instance_metadata_tags": "disabled"
              }
            ],
            "monitoring": false,
            "network_interface": [],
            "outpost_arn": "",
            "password_data": "",
            "placement_group": "",
            "placement_group_id": "",
            "placement_partition_number": 0,
            "primary_network_interface": [
              {
                "delete_on_termination": true,
                "network_interface_id": "eni-0fa3935e9e131951f"
              }
            ],
            "primary_network_interface_id": "eni-0fa3935e9e131951f",
            "private_dns": "ip-172-31-14-164.ec2.internal",
            "private_dns_name_options": [
              {
                "enable_resource_name_dns_a_record": false,
                "enable_resource_name_dns_aaaa_record": false,
                "hostname_type": "ip-name"
              }
            ],
            "private_ip": "172.31.14.164",
            "public_dns": "ec2-44-203-224-110.compute-1.amazonaws.com",
            "public_ip": "44.203.224.110",
            "region": "us-east-1",
            "root_block_device": [
              {
                "delete_on_termination": true,
                "device_name": "/dev/sda1",
                "encrypted": false,
                "iops": 100,
                "kms_key_id": "",
                "tags": null,
                "tags_all": {},
                "throughput": 0,
                "volume_id": "vol-0cae7a953a914d7f0",
                "volume_size": 20,
                "volume_type": "gp2"
              }
            ],
            "secondary_private_ips": [],
            "security_groups": [
              "dev-monitoring"
            ],
            "source_dest_check": true,
            "spot_instance_request_id": "",
            "subnet_id": "subnet-03ed84c819e55c9fb",
            "tags": {
              "Application": "monitoring",
              "CostCenter": "fleurycamp-commerce",
              "Environment": "dev",
              "Name": "dev-monitoring",
              "Owner": "fleurycamp"
            },
            "tags_all": {
              "Application": "monitoring",
              "CostCenter": "fleurycamp-commerce",
              "Environment": "dev",
              "Name": "dev-monitoring",
              "Owner": "fleurycamp"
            },
            "tenancy": "default",
            "timeouts": null,
            "user_data": null,
            "user_data_base64": "IyEvYmluL2Jhc2gKCiMgVXBkYXRlIHRoZSBwYWNrYWdlIGxpc3QgYW5kIHVwZ3JhZGUgdGhlIGluc3RhbGxlZCBwYWNrYWdlcwpzdWRvIGFwdC1nZXQgdXBkYXRlIC15CgojIEFkZCBTd2FwIE1lbW9yeSBvZiAyR0IKc3VkbyBzd2Fwb24gLS1zaG93CmZyZWUgLWgKZGYgLWgKc3VkbyBmYWxsb2NhdGUgLWwgMkcgL3N3YXBmaWxlCmxzIC1saCAvc3dhcGZpbGUKc3VkbyBjaG1vZCA2MDAgL3N3YXBmaWxlCmxzIC1saCAvc3dhcGZpbGUKc3VkbyBta3N3YXAgL3N3YXBmaWxlCnN1ZG8gc3dhcG9uIC9zd2FwZmlsZQpzdWRvIHN3YXBvbiAtLXNob3cKZnJlZSAtaApjYXQgL3Byb2Mvc3lzL3ZtL3N3YXBwaW5lc3MKc3VkbyBzeXNjdGwgdm0uc3dhcHBpbmVzcz0xMApjYXQgL3Byb2Mvc3lzL3ZtL3Zmc19jYWNoZV9wcmVzc3VyZQpzdWRvIHN5c2N0bCB2bS52ZnNfY2FjaGVfcHJlc3N1cmU9NTAKCiMgSW5zdGFsbCBlc3NlbnRpYWwgcGFja2FnZXMKc3VkbyBhcHQtZ2V0IGluc3RhbGwgLXkgY3VybCBuZXQtdG9vbHMgd2dldCB1bnppcCB0cmVlIG1ha2UKCiMgSW5zdGFsbCBEb2NrZXIKc3VkbyBhcHQtZ2V0IGluc3RhbGwgLXkgZG9ja2VyLmlvCgojIEluc3RhbGwgRG9ja2VyIENvbXBvc2UKc3VkbyBjdXJsIC1MICJodHRwczovL2dpdGh1Yi5jb20vZG9ja2VyL2NvbXBvc2UvcmVsZWFzZXMvbGF0ZXN0L2Rvd25sb2FkL2RvY2tlci1jb21wb3NlLSQodW5hbWUgLXMpLSQodW5hbWUgLW0pIiAtbyAvdXNyL2xvY2FsL2Jpbi9kb2NrZXItY29tcG9zZQpzdWRvIGNobW9kICt4IC91c3IvbG9jYWwvYmluL2RvY2tlci1jb21wb3NlCgojIFN0YXJ0IHRoZSBEb2NrZXIgc2VydmljZQpzdWRvIHN5c3RlbWN0bCBzdGFydCBkb2NrZXIKc3VkbyBzeXN0ZW1jdGwgZW5hYmxlIGRvY2tlcgoKIyBPdXRwdXQgRG9ja2VyIGFuZCBEb2NrZXIgQ29tcG9zZSB2ZXJzaW9ucwpkb2NrZXIgLS12ZXJzaW9uCmRvY2tlci1jb21wb3NlIC0tdmVyc2lvbg==",
            "user_data_replace_on_change": false,
            "volume_tags": null,
            "vpc_security_group_ids": [
              "sg-0439585464c454656"
            ]
          },
          "sensitive_attributes": [],
          "identity_schema_version": 0,
          "identity": {
            "account_id": "979282554544",
            "id": "i-0fe98fa3e57d627f7",
            "region": "us-east-1"
          },
          "private": "eyJlMmJmYjczMC1lY2FhLTExZTYtOGY4OC0zNDM2M2JjN2M0YzAiOnsiY3JlYXRlIjo2MDAwMDAwMDAwMDAsImRlbGV0ZSI6MTIwMDAwMDAwMDAwMCwicmVhZCI6OTAwMDAwMDAwMDAwLCJ1cGRhdGUiOjYwMDAwMDAwMDAwMH0sInNjaGVtYV92ZXJzaW9uIjoiMiJ9",
          "dependencies": [
            "module.security-group.aws_security_group.instance_sg"
          ]
        }
      ]
    },
    {
      "module": "module.security-group",
      "mode": "managed",
      "type": "aws_security_group",
      "name": "instance_sg",
      "provider": "provider[\"registry.terraform.io/hashicorp/aws\"]",
      "instances": [
        {
          "schema_version": 1,
          "attributes": {
            "arn": "arn:aws:ec2:us-east-1:979282554544:security-group/sg-0439585464c454656",
            "description": "Security Group for Instance",
            "egress": [
              {
                "cidr_blocks": [
                  "0.0.0.0/0"
                ],
                "description": "",
                "from_port": 0,
                "ipv6_cidr_blocks": [],
                "prefix_list_ids": [],
                "protocol": "-1",
                "security_groups": [],
                "self": false,
                "to_port": 0
              }
            ],
            "id": "sg-0439585464c454656",
            "ingress": [
              {
                "cidr_blocks": [
                  "0.0.0.0/0",
                  "0.0.0.0/0",
                  "0.0.0.0/0",
                  "0.0.0.0/0",
                  "0.0.0.0/0",
                  "0.0.0.0/0",
                  "0.0.0.0/0"
                ],
                "description": "Alert manager",
                "from_port": 9093,
                "ipv6_cidr_blocks": [],
                "prefix_list_ids": [],
                "protocol": "tcp",
                "security_groups": [],
                "self": false,
                "to_port": 9093
              },
              {
                "cidr_blocks": [
                  "0.0.0.0/0",
                  "0.0.0.0/0",
                  "0.0.0.0/0",
                  "0.0.0.0/0",
                  "0.0.0.0/0",
                  "0.0.0.0/0",
                  "0.0.0.0/0"
                ],
                "description": "Grafana",
                "from_port": 3000,
                "ipv6_cidr_blocks": [],
                "prefix_list_ids": [],
                "protocol": "tcp",
                "security_groups": [],
                "self": false,
                "to_port": 3000
              },
              {
                "cidr_blocks": [
                  "0.0.0.0/0",
                  "0.0.0.0/0",
                  "0.0.0.0/0",
                  "0.0.0.0/0",
                  "0.0.0.0/0",
                  "0.0.0.0/0",
                  "0.0.0.0/0"
                ],
                "description": "HTTP",
                "from_port": 80,
                "ipv6_cidr_blocks": [],
                "prefix_list_ids": [],
                "protocol": "tcp",
                "security_groups": [],
                "self": false,
                "to_port": 80
              },
              {
                "cidr_blocks": [
                  "0.0.0.0/0",
                  "0.0.0.0/0",
                  "0.0.0.0/0",
                  "0.0.0.0/0",
                  "0.0.0.0/0",
                  "0.0.0.0/0",
                  "0.0.0.0/0"
                ],
                "description": "HTTPS",
                "from_port": 443,
                "ipv6_cidr_blocks": [],
                "prefix_list_ids": [],
                "protocol": "tcp",
                "security_groups": [],
                "self": false,
                "to_port": 443
              },
              {
                "cidr_blocks": [
                  "0.0.0.0/0",
                  "0.0.0.0/0",
                  "0.0.0.0/0",
                  "0.0.0.0/0",
                  "0.0.0.0/0",
                  "0.0.0.0/0",
                  "0.0.0.0/0"
                ],
                "description": "Node-exporter",
                "from_port": 9100,
                "ipv6_cidr_blocks": [],
                "prefix_list_ids": [],
                "protocol": "tcp",
                "security_groups": [],
                "self": false,
                "to_port": 9100
              },
              {
                "cidr_blocks": [
                  "0.0.0.0/0",
                  "0.0.0.0/0",
                  "0.0.0.0/0",
                  "0.0.0.0/0",
                  "0.0.0.0/0",
                  "0.0.0.0/0",
                  "0.0.0.0/0"
                ],
                "description": "Prometheus",
                "from_port": 9090,
                "ipv6_cidr_blocks": [],
                "prefix_list_ids": [],
                "protocol": "tcp",
                "security_groups": [],
                "self": false,
                "to_port": 9090
              },
              {
                "cidr_blocks": [
                  "0.0.0.0/0",
                  "0.0.0.0/0",
                  "0.0.0.0/0",
                  "0.0.0.0/0",
                  "0.0.0.0/0",
                  "0.0.0.0/0",
                  "0.0.0.0/0"
                ],
                "description": "SSH",
                "from_port": 22,
                "ipv6_cidr_blocks": [],
                "prefix_list_ids": [],
                "protocol": "tcp",
                "security_groups": [],
                "self": false,
                "to_port": 22
              }
            ],
            "name": "dev-monitoring",
            "name_prefix": "",
            "owner_id": "979282554544",
            "region": "us-east-1",
            "revoke_rules_on_delete": false,
            "tags": {
              "Application": "monitoring",
              "CostCenter": "fleurycamp-commerce",
              "Environment": "dev",
              "Name": "dev-monitoring",
              "Owner": "fleurycamp"
            },
            "tags_all": {
              "Application": "monitoring",
              "CostCenter": "fleurycamp-commerce",
              "Environment": "dev",
              "Name": "dev-monitoring",
              "Owner": "fleurycamp"
            },
            "timeouts": null,
            "vpc_id": "vpc-0627d654840ec0479"
          },
          "sensitive_attributes": [],
          "identity_schema_version": 0,
          "identity": {
            "account_id": "979282554544",
            "id": "sg-0439585464c454656",
            "region": "us-east-1"
          },
          "private": "eyJlMmJmYjczMC1lY2FhLTExZTYtOGY4OC0zNDM2M2JjN2M0YzAiOnsiY3JlYXRlIjo2MDAwMDAwMDAwMDAsImRlbGV0ZSI6OTAwMDAwMDAwMDAwfSwic2NoZW1hX3ZlcnNpb24iOiIxIn0="
        }
      ]
    }
  ],
  "check_results": null
}
